// !$*UTF8*$!
{
	archiveVersion = 1;
	classes = {
	};
	objectVersion = 56;
	objects = {

/* Begin PBXBuildFile section */
		E401A9742A8372C0001000E2 /* MovieTableViewCell.swift in Sources */ = {isa = PBXBuildFile; fileRef = E401A9732A8372C0001000E2 /* MovieTableViewCell.swift */; };
		E401A9762A8372DC001000E2 /* MovieCollectionViewCell.swift in Sources */ = {isa = PBXBuildFile; fileRef = E401A9752A8372DC001000E2 /* MovieCollectionViewCell.swift */; };
		E401A97E2A83823E001000E2 /* HomeViewController.swift in Sources */ = {isa = PBXBuildFile; fileRef = E401A97D2A83823E001000E2 /* HomeViewController.swift */; };
		E4043F3B2A89D7C50035202E /* Sections.swift in Sources */ = {isa = PBXBuildFile; fileRef = E4043F3A2A89D7C50035202E /* Sections.swift */; };
		E40910CB2A8F55BB00764F1B /* InfoViewController.swift in Sources */ = {isa = PBXBuildFile; fileRef = E40910CA2A8F55BB00764F1B /* InfoViewController.swift */; };
		E40910CD2A8F563D00764F1B /* Info.storyboard in Resources */ = {isa = PBXBuildFile; fileRef = E40910CC2A8F563D00764F1B /* Info.storyboard */; };
		E40B17862A80EC7A00D8579D /* Keys.swift in Sources */ = {isa = PBXBuildFile; fileRef = E40B17852A80EC7A00D8579D /* Keys.swift */; };
		E40B178A2A80F31700D8579D /* Filters.swift in Sources */ = {isa = PBXBuildFile; fileRef = E40B17892A80F31700D8579D /* Filters.swift */; };
		E40B178C2A80F4EC00D8579D /* URLManager.swift in Sources */ = {isa = PBXBuildFile; fileRef = E40B178B2A80F4EC00D8579D /* URLManager.swift */; };
		E42AA36D2A8DF43F00212750 /* SearchTableViewCell.swift in Sources */ = {isa = PBXBuildFile; fileRef = E42AA36C2A8DF43F00212750 /* SearchTableViewCell.swift */; };
		E42AA36F2A8DF47900212750 /* SearchViewController.swift in Sources */ = {isa = PBXBuildFile; fileRef = E42AA36E2A8DF47900212750 /* SearchViewController.swift */; };
		E42AA3712A8E090900212750 /* SendingAddress.swift in Sources */ = {isa = PBXBuildFile; fileRef = E42AA3702A8E090900212750 /* SendingAddress.swift */; };
		E42D2DE92A8B3670007E7C15 /* DetailScreen.storyboard in Resources */ = {isa = PBXBuildFile; fileRef = E42D2DE82A8B3670007E7C15 /* DetailScreen.storyboard */; };
		E42D2DED2A8B36CA007E7C15 /* DetailScreenViewController.swift in Sources */ = {isa = PBXBuildFile; fileRef = E42D2DEC2A8B36CA007E7C15 /* DetailScreenViewController.swift */; };
		E4550D2A2A93010300B6FD7F /* MyListScreen.storyboard in Resources */ = {isa = PBXBuildFile; fileRef = E4550D292A93010300B6FD7F /* MyListScreen.storyboard */; };
		E4550D2E2A93085200B6FD7F /* MyListViewController.swift in Sources */ = {isa = PBXBuildFile; fileRef = E4550D2D2A93085200B6FD7F /* MyListViewController.swift */; };
		E457463C2A7CA02900945CE8 /* AppDelegate.swift in Sources */ = {isa = PBXBuildFile; fileRef = E457463B2A7CA02900945CE8 /* AppDelegate.swift */; };
		E457463E2A7CA02900945CE8 /* SceneDelegate.swift in Sources */ = {isa = PBXBuildFile; fileRef = E457463D2A7CA02900945CE8 /* SceneDelegate.swift */; };
		E45746432A7CA02900945CE8 /* Main.storyboard in Resources */ = {isa = PBXBuildFile; fileRef = E45746412A7CA02900945CE8 /* Main.storyboard */; };
		E45746462A7CA02900945CE8 /* MovieDB.xcdatamodeld in Sources */ = {isa = PBXBuildFile; fileRef = E45746442A7CA02900945CE8 /* MovieDB.xcdatamodeld */; };
		E45746482A7CA02A00945CE8 /* Assets.xcassets in Resources */ = {isa = PBXBuildFile; fileRef = E45746472A7CA02A00945CE8 /* Assets.xcassets */; };
		E457464B2A7CA02A00945CE8 /* LaunchScreen.storyboard in Resources */ = {isa = PBXBuildFile; fileRef = E45746492A7CA02A00945CE8 /* LaunchScreen.storyboard */; };
		E48F283E2A8DD37600CC6F16 /* ImageCache.swift in Sources */ = {isa = PBXBuildFile; fileRef = E48F283D2A8DD37600CC6F16 /* ImageCache.swift */; };
		E49A49A92A8FCD4500CD091B /* Actor.swift in Sources */ = {isa = PBXBuildFile; fileRef = E49A49A82A8FCD4500CD091B /* Actor.swift */; };
		E4B9E8E22A80A0470046210B /* Constats.swift in Sources */ = {isa = PBXBuildFile; fileRef = E4B9E8E12A80A0470046210B /* Constats.swift */; };
		E4B9E8E42A80C8060046210B /* APICaller.swift in Sources */ = {isa = PBXBuildFile; fileRef = E4B9E8E32A80C8060046210B /* APICaller.swift */; };
		E4B9E8E62A80CCAA0046210B /* Movie.swift in Sources */ = {isa = PBXBuildFile; fileRef = E4B9E8E52A80CCAA0046210B /* Movie.swift */; };
		E4B9E8EA2A80CE6D0046210B /* TrailerVideo.swift in Sources */ = {isa = PBXBuildFile; fileRef = E4B9E8E92A80CE6D0046210B /* TrailerVideo.swift */; };
		E4B9E8EC2A80D6D00046210B /* Errors.swift in Sources */ = {isa = PBXBuildFile; fileRef = E4B9E8EB2A80D6D00046210B /* Errors.swift */; };
		E4B9E8EE2A80DE4F0046210B /* EndPoints.swift in Sources */ = {isa = PBXBuildFile; fileRef = E4B9E8ED2A80DE4F0046210B /* EndPoints.swift */; };
		E4D250F42A8C5E3700946FA3 /* Identifiers.swift in Sources */ = {isa = PBXBuildFile; fileRef = E4D250F32A8C5E3700946FA3 /* Identifiers.swift */; };
		E4DC512A2A81D4BF0074BA89 /* Keys.plist in Resources */ = {isa = PBXBuildFile; fileRef = E4DC51292A81D4BF0074BA89 /* Keys.plist */; };
		E4ED32482A8E3B2A005A5201 /* UIViewExtension.swift in Sources */ = {isa = PBXBuildFile; fileRef = E4ED32472A8E3B2A005A5201 /* UIViewExtension.swift */; };
		E4ED324A2A8E3E4E005A5201 /* NoResultCell.xib in Resources */ = {isa = PBXBuildFile; fileRef = E4ED32492A8E3E4E005A5201 /* NoResultCell.xib */; };
		E4ED324C2A8E43C1005A5201 /* NoResultCell.swift in Sources */ = {isa = PBXBuildFile; fileRef = E4ED324B2A8E43C1005A5201 /* NoResultCell.swift */; };
		E4ED32502A8E82E8005A5201 /* UILabelExtension.swift in Sources */ = {isa = PBXBuildFile; fileRef = E4ED324F2A8E82E8005A5201 /* UILabelExtension.swift */; };
		E4ED32522A8E84F7005A5201 /* Languages.swift in Sources */ = {isa = PBXBuildFile; fileRef = E4ED32512A8E84F7005A5201 /* Languages.swift */; };
/* End PBXBuildFile section */

/* Begin PBXFileReference section */
		E401A9732A8372C0001000E2 /* MovieTableViewCell.swift */ = {isa = PBXFileReference; lastKnownFileType = sourcecode.swift; path = MovieTableViewCell.swift; sourceTree = "<group>"; };
		E401A9752A8372DC001000E2 /* MovieCollectionViewCell.swift */ = {isa = PBXFileReference; lastKnownFileType = sourcecode.swift; path = MovieCollectionViewCell.swift; sourceTree = "<group>"; };
		E401A97D2A83823E001000E2 /* HomeViewController.swift */ = {isa = PBXFileReference; lastKnownFileType = sourcecode.swift; path = HomeViewController.swift; sourceTree = "<group>"; };
		E4043F3A2A89D7C50035202E /* Sections.swift */ = {isa = PBXFileReference; lastKnownFileType = sourcecode.swift; path = Sections.swift; sourceTree = "<group>"; };
		E40910CA2A8F55BB00764F1B /* InfoViewController.swift */ = {isa = PBXFileReference; lastKnownFileType = sourcecode.swift; path = InfoViewController.swift; sourceTree = "<group>"; };
		E40910CC2A8F563D00764F1B /* Info.storyboard */ = {isa = PBXFileReference; lastKnownFileType = file.storyboard; path = Info.storyboard; sourceTree = "<group>"; };
		E40B17852A80EC7A00D8579D /* Keys.swift */ = {isa = PBXFileReference; lastKnownFileType = sourcecode.swift; path = Keys.swift; sourceTree = "<group>"; };
		E40B17892A80F31700D8579D /* Filters.swift */ = {isa = PBXFileReference; lastKnownFileType = sourcecode.swift; path = Filters.swift; sourceTree = "<group>"; };
		E40B178B2A80F4EC00D8579D /* URLManager.swift */ = {isa = PBXFileReference; lastKnownFileType = sourcecode.swift; path = URLManager.swift; sourceTree = "<group>"; };
		E42AA36C2A8DF43F00212750 /* SearchTableViewCell.swift */ = {isa = PBXFileReference; lastKnownFileType = sourcecode.swift; path = SearchTableViewCell.swift; sourceTree = "<group>"; };
		E42AA36E2A8DF47900212750 /* SearchViewController.swift */ = {isa = PBXFileReference; lastKnownFileType = sourcecode.swift; path = SearchViewController.swift; sourceTree = "<group>"; };
		E42AA3702A8E090900212750 /* SendingAddress.swift */ = {isa = PBXFileReference; lastKnownFileType = sourcecode.swift; path = SendingAddress.swift; sourceTree = "<group>"; };
		E42D2DE82A8B3670007E7C15 /* DetailScreen.storyboard */ = {isa = PBXFileReference; lastKnownFileType = file.storyboard; path = DetailScreen.storyboard; sourceTree = "<group>"; };
		E42D2DEC2A8B36CA007E7C15 /* DetailScreenViewController.swift */ = {isa = PBXFileReference; lastKnownFileType = sourcecode.swift; path = DetailScreenViewController.swift; sourceTree = "<group>"; };
		E4550D292A93010300B6FD7F /* MyListScreen.storyboard */ = {isa = PBXFileReference; lastKnownFileType = file.storyboard; path = MyListScreen.storyboard; sourceTree = "<group>"; };
		E4550D2D2A93085200B6FD7F /* MyListViewController.swift */ = {isa = PBXFileReference; lastKnownFileType = sourcecode.swift; path = MyListViewController.swift; sourceTree = "<group>"; };
		E45746382A7CA02900945CE8 /* MovieDB.app */ = {isa = PBXFileReference; explicitFileType = wrapper.application; includeInIndex = 0; path = MovieDB.app; sourceTree = BUILT_PRODUCTS_DIR; };
		E457463B2A7CA02900945CE8 /* AppDelegate.swift */ = {isa = PBXFileReference; lastKnownFileType = sourcecode.swift; path = AppDelegate.swift; sourceTree = "<group>"; };
		E457463D2A7CA02900945CE8 /* SceneDelegate.swift */ = {isa = PBXFileReference; lastKnownFileType = sourcecode.swift; path = SceneDelegate.swift; sourceTree = "<group>"; };
		E45746422A7CA02900945CE8 /* Base */ = {isa = PBXFileReference; lastKnownFileType = file.storyboard; name = Base; path = Base.lproj/Main.storyboard; sourceTree = "<group>"; };
		E45746452A7CA02900945CE8 /* MovieDB.xcdatamodel */ = {isa = PBXFileReference; lastKnownFileType = wrapper.xcdatamodel; path = MovieDB.xcdatamodel; sourceTree = "<group>"; };
		E45746472A7CA02A00945CE8 /* Assets.xcassets */ = {isa = PBXFileReference; lastKnownFileType = folder.assetcatalog; path = Assets.xcassets; sourceTree = "<group>"; };
		E457464A2A7CA02A00945CE8 /* Base */ = {isa = PBXFileReference; lastKnownFileType = file.storyboard; name = Base; path = Base.lproj/LaunchScreen.storyboard; sourceTree = "<group>"; };
		E457464C2A7CA02A00945CE8 /* Info.plist */ = {isa = PBXFileReference; lastKnownFileType = text.plist.xml; path = Info.plist; sourceTree = "<group>"; };
		E48F283D2A8DD37600CC6F16 /* ImageCache.swift */ = {isa = PBXFileReference; lastKnownFileType = sourcecode.swift; path = ImageCache.swift; sourceTree = "<group>"; };
		E49A49A82A8FCD4500CD091B /* Actor.swift */ = {isa = PBXFileReference; lastKnownFileType = sourcecode.swift; path = Actor.swift; sourceTree = "<group>"; };
		E4B9E8E12A80A0470046210B /* Constats.swift */ = {isa = PBXFileReference; lastKnownFileType = sourcecode.swift; path = Constats.swift; sourceTree = "<group>"; };
		E4B9E8E32A80C8060046210B /* APICaller.swift */ = {isa = PBXFileReference; lastKnownFileType = sourcecode.swift; path = APICaller.swift; sourceTree = "<group>"; };
		E4B9E8E52A80CCAA0046210B /* Movie.swift */ = {isa = PBXFileReference; lastKnownFileType = sourcecode.swift; path = Movie.swift; sourceTree = "<group>"; };
		E4B9E8E92A80CE6D0046210B /* TrailerVideo.swift */ = {isa = PBXFileReference; lastKnownFileType = sourcecode.swift; path = TrailerVideo.swift; sourceTree = "<group>"; };
		E4B9E8EB2A80D6D00046210B /* Errors.swift */ = {isa = PBXFileReference; lastKnownFileType = sourcecode.swift; path = Errors.swift; sourceTree = "<group>"; };
		E4B9E8ED2A80DE4F0046210B /* EndPoints.swift */ = {isa = PBXFileReference; lastKnownFileType = sourcecode.swift; path = EndPoints.swift; sourceTree = "<group>"; };
		E4D250F32A8C5E3700946FA3 /* Identifiers.swift */ = {isa = PBXFileReference; lastKnownFileType = sourcecode.swift; path = Identifiers.swift; sourceTree = "<group>"; };
		E4DC51292A81D4BF0074BA89 /* Keys.plist */ = {isa = PBXFileReference; lastKnownFileType = text.plist.xml; path = Keys.plist; sourceTree = "<group>"; };
		E4ED32472A8E3B2A005A5201 /* UIViewExtension.swift */ = {isa = PBXFileReference; lastKnownFileType = sourcecode.swift; path = UIViewExtension.swift; sourceTree = "<group>"; };
		E4ED32492A8E3E4E005A5201 /* NoResultCell.xib */ = {isa = PBXFileReference; lastKnownFileType = file.xib; path = NoResultCell.xib; sourceTree = "<group>"; };
		E4ED324B2A8E43C1005A5201 /* NoResultCell.swift */ = {isa = PBXFileReference; lastKnownFileType = sourcecode.swift; path = NoResultCell.swift; sourceTree = "<group>"; };
		E4ED324F2A8E82E8005A5201 /* UILabelExtension.swift */ = {isa = PBXFileReference; lastKnownFileType = sourcecode.swift; path = UILabelExtension.swift; sourceTree = "<group>"; };
		E4ED32512A8E84F7005A5201 /* Languages.swift */ = {isa = PBXFileReference; lastKnownFileType = sourcecode.swift; path = Languages.swift; sourceTree = "<group>"; };
/* End PBXFileReference section */

/* Begin PBXFrameworksBuildPhase section */
		E45746352A7CA02900945CE8 /* Frameworks */ = {
			isa = PBXFrameworksBuildPhase;
			buildActionMask = 2147483647;
			files = (
			);
			runOnlyForDeploymentPostprocessing = 0;
		};
/* End PBXFrameworksBuildPhase section */

/* Begin PBXGroup section */
		E40B17842A80EBC500D8579D /* Secrets */ = {
			isa = PBXGroup;
			children = (
				E40B17852A80EC7A00D8579D /* Keys.swift */,
			);
			path = Secrets;
			sourceTree = "<group>";
		};
		E457462F2A7CA02900945CE8 = {
			isa = PBXGroup;
			children = (
				E457463A2A7CA02900945CE8 /* MovieDB */,
				E45746392A7CA02900945CE8 /* Products */,
			);
			sourceTree = "<group>";
		};
		E45746392A7CA02900945CE8 /* Products */ = {
			isa = PBXGroup;
			children = (
				E45746382A7CA02900945CE8 /* MovieDB.app */,
			);
			name = Products;
			sourceTree = "<group>";
		};
		E457463A2A7CA02900945CE8 /* MovieDB */ = {
			isa = PBXGroup;
			children = (
				E4ED32462A8E3B10005A5201 /* Extensions */,
				E40B17842A80EBC500D8579D /* Secrets */,
				E4B9E8E02A80A02A0046210B /* Manager */,
				E4B9E8DF2A80A01D0046210B /* Constants */,
				E45746572A7CA2D100945CE8 /* Controller */,
				E45746562A7CA2CB00945CE8 /* View */,
				E45746552A7CA2C200945CE8 /* Model */,
				E457463B2A7CA02900945CE8 /* AppDelegate.swift */,
				E457463D2A7CA02900945CE8 /* SceneDelegate.swift */,
				E45746412A7CA02900945CE8 /* Main.storyboard */,
				E45746472A7CA02A00945CE8 /* Assets.xcassets */,
				E45746492A7CA02A00945CE8 /* LaunchScreen.storyboard */,
				E457464C2A7CA02A00945CE8 /* Info.plist */,
				E4DC51292A81D4BF0074BA89 /* Keys.plist */,
				E45746442A7CA02900945CE8 /* MovieDB.xcdatamodeld */,
			);
			path = MovieDB;
			sourceTree = "<group>";
		};
		E45746552A7CA2C200945CE8 /* Model */ = {
			isa = PBXGroup;
			children = (
				E49A49A82A8FCD4500CD091B /* Actor.swift */,
				E4B9E8E52A80CCAA0046210B /* Movie.swift */,
				E4B9E8E92A80CE6D0046210B /* TrailerVideo.swift */,
			);
			path = Model;
			sourceTree = "<group>";
		};
		E45746562A7CA2CB00945CE8 /* View */ = {
			isa = PBXGroup;
			children = (
				E401A9732A8372C0001000E2 /* MovieTableViewCell.swift */,
				E401A9752A8372DC001000E2 /* MovieCollectionViewCell.swift */,
				E42D2DE82A8B3670007E7C15 /* DetailScreen.storyboard */,
				E40910CC2A8F563D00764F1B /* Info.storyboard */,
				E4550D292A93010300B6FD7F /* MyListScreen.storyboard */,
				E42AA36C2A8DF43F00212750 /* SearchTableViewCell.swift */,
				E4ED32492A8E3E4E005A5201 /* NoResultCell.xib */,
				E4ED324B2A8E43C1005A5201 /* NoResultCell.swift */,
			);
			path = View;
			sourceTree = "<group>";
		};
		E45746572A7CA2D100945CE8 /* Controller */ = {
			isa = PBXGroup;
			children = (
				E401A97D2A83823E001000E2 /* HomeViewController.swift */,
				E42D2DEC2A8B36CA007E7C15 /* DetailScreenViewController.swift */,
				E42AA36E2A8DF47900212750 /* SearchViewController.swift */,
				E40910CA2A8F55BB00764F1B /* InfoViewController.swift */,
				E4550D2D2A93085200B6FD7F /* MyListViewController.swift */,
			);
			path = Controller;
			sourceTree = "<group>";
		};
		E4B9E8DF2A80A01D0046210B /* Constants */ = {
			isa = PBXGroup;
			children = (
				E4B9E8E12A80A0470046210B /* Constats.swift */,
				E4B9E8EB2A80D6D00046210B /* Errors.swift */,
				E4B9E8ED2A80DE4F0046210B /* EndPoints.swift */,
				E40B17892A80F31700D8579D /* Filters.swift */,
				E4043F3A2A89D7C50035202E /* Sections.swift */,
				E4D250F32A8C5E3700946FA3 /* Identifiers.swift */,
				E42AA3702A8E090900212750 /* SendingAddress.swift */,
				E4ED32512A8E84F7005A5201 /* Languages.swift */,
			);
			path = Constants;
			sourceTree = "<group>";
		};
		E4B9E8E02A80A02A0046210B /* Manager */ = {
			isa = PBXGroup;
			children = (
				E4B9E8E32A80C8060046210B /* APICaller.swift */,
				E40B178B2A80F4EC00D8579D /* URLManager.swift */,
				E48F283D2A8DD37600CC6F16 /* ImageCache.swift */,
			);
			path = Manager;
			sourceTree = "<group>";
		};
		E4ED32462A8E3B10005A5201 /* Extensions */ = {
			isa = PBXGroup;
			children = (
				E4ED32472A8E3B2A005A5201 /* UIViewExtension.swift */,
				E4ED324F2A8E82E8005A5201 /* UILabelExtension.swift */,
			);
			path = Extensions;
			sourceTree = "<group>";
		};
/* End PBXGroup section */

/* Begin PBXNativeTarget section */
		E45746372A7CA02900945CE8 /* MovieDB */ = {
			isa = PBXNativeTarget;
			buildConfigurationList = E457464F2A7CA02A00945CE8 /* Build configuration list for PBXNativeTarget "MovieDB" */;
			buildPhases = (
				E45746342A7CA02900945CE8 /* Sources */,
				E45746352A7CA02900945CE8 /* Frameworks */,
				E45746362A7CA02900945CE8 /* Resources */,
			);
			buildRules = (
			);
			dependencies = (
				E4DC512E2A81EDBF0074BA89 /* PBXTargetDependency */,
			);
			name = MovieDB;
			productName = MovieDB;
			productReference = E45746382A7CA02900945CE8 /* MovieDB.app */;
			productType = "com.apple.product-type.application";
		};
/* End PBXNativeTarget section */

/* Begin PBXProject section */
		E45746302A7CA02900945CE8 /* Project object */ = {
			isa = PBXProject;
			attributes = {
				BuildIndependentTargetsInParallel = 1;
				LastSwiftUpdateCheck = 1430;
				LastUpgradeCheck = 1430;
				TargetAttributes = {
					E45746372A7CA02900945CE8 = {
						CreatedOnToolsVersion = 14.3.1;
					};
				};
			};
			buildConfigurationList = E45746332A7CA02900945CE8 /* Build configuration list for PBXProject "MovieDB" */;
			compatibilityVersion = "Xcode 14.0";
			developmentRegion = en;
			hasScannedForEncodings = 0;
			knownRegions = (
				en,
				Base,
			);
			mainGroup = E457462F2A7CA02900945CE8;
			packageReferences = (
				E4DC512C2A81ED970074BA89 /* XCRemoteSwiftPackageReference "SwiftLint" */,
			);
			productRefGroup = E45746392A7CA02900945CE8 /* Products */;
			projectDirPath = "";
			projectRoot = "";
			targets = (
				E45746372A7CA02900945CE8 /* MovieDB */,
			);
		};
/* End PBXProject section */

/* Begin PBXResourcesBuildPhase section */
		E45746362A7CA02900945CE8 /* Resources */ = {
			isa = PBXResourcesBuildPhase;
			buildActionMask = 2147483647;
			files = (
				E4550D2A2A93010300B6FD7F /* MyListScreen.storyboard in Resources */,
				E4DC512A2A81D4BF0074BA89 /* Keys.plist in Resources */,
				E40910CD2A8F563D00764F1B /* Info.storyboard in Resources */,
				E457464B2A7CA02A00945CE8 /* LaunchScreen.storyboard in Resources */,
				E42D2DE92A8B3670007E7C15 /* DetailScreen.storyboard in Resources */,
				E4ED324A2A8E3E4E005A5201 /* NoResultCell.xib in Resources */,
				E45746482A7CA02A00945CE8 /* Assets.xcassets in Resources */,
				E45746432A7CA02900945CE8 /* Main.storyboard in Resources */,
			);
			runOnlyForDeploymentPostprocessing = 0;
		};
/* End PBXResourcesBuildPhase section */

/* Begin PBXSourcesBuildPhase section */
		E45746342A7CA02900945CE8 /* Sources */ = {
			isa = PBXSourcesBuildPhase;
			buildActionMask = 2147483647;
			files = (
				E4B9E8E62A80CCAA0046210B /* Movie.swift in Sources */,
				E4043F3B2A89D7C50035202E /* Sections.swift in Sources */,
				E4B9E8E42A80C8060046210B /* APICaller.swift in Sources */,
				E42AA3712A8E090900212750 /* SendingAddress.swift in Sources */,
				E401A97E2A83823E001000E2 /* HomeViewController.swift in Sources */,
				E4D250F42A8C5E3700946FA3 /* Identifiers.swift in Sources */,
				E40B178C2A80F4EC00D8579D /* URLManager.swift in Sources */,
				E4B9E8E22A80A0470046210B /* Constats.swift in Sources */,
				E401A9742A8372C0001000E2 /* MovieTableViewCell.swift in Sources */,
				E4ED324C2A8E43C1005A5201 /* NoResultCell.swift in Sources */,
				E40B17862A80EC7A00D8579D /* Keys.swift in Sources */,
				E4550D2E2A93085200B6FD7F /* MyListViewController.swift in Sources */,
				E42AA36D2A8DF43F00212750 /* SearchTableViewCell.swift in Sources */,
				E49A49A92A8FCD4500CD091B /* Actor.swift in Sources */,
				E4ED32502A8E82E8005A5201 /* UILabelExtension.swift in Sources */,
				E40910CB2A8F55BB00764F1B /* InfoViewController.swift in Sources */,
				E48F283E2A8DD37600CC6F16 /* ImageCache.swift in Sources */,
				E457463C2A7CA02900945CE8 /* AppDelegate.swift in Sources */,
				E42D2DED2A8B36CA007E7C15 /* DetailScreenViewController.swift in Sources */,
				E45746462A7CA02900945CE8 /* MovieDB.xcdatamodeld in Sources */,
				E4B9E8EE2A80DE4F0046210B /* EndPoints.swift in Sources */,
				E42AA36F2A8DF47900212750 /* SearchViewController.swift in Sources */,
				E457463E2A7CA02900945CE8 /* SceneDelegate.swift in Sources */,
				E40B178A2A80F31700D8579D /* Filters.swift in Sources */,
				E4ED32482A8E3B2A005A5201 /* UIViewExtension.swift in Sources */,
				E4B9E8EC2A80D6D00046210B /* Errors.swift in Sources */,
				E401A9762A8372DC001000E2 /* MovieCollectionViewCell.swift in Sources */,
				E4B9E8EA2A80CE6D0046210B /* TrailerVideo.swift in Sources */,
				E4ED32522A8E84F7005A5201 /* Languages.swift in Sources */,
			);
			runOnlyForDeploymentPostprocessing = 0;
		};
/* End PBXSourcesBuildPhase section */

/* Begin PBXTargetDependency section */
		E4DC512E2A81EDBF0074BA89 /* PBXTargetDependency */ = {
			isa = PBXTargetDependency;
			productRef = E4DC512D2A81EDBF0074BA89 /* SwiftLintPlugin */;
		};
/* End PBXTargetDependency section */

/* Begin PBXVariantGroup section */
		E45746412A7CA02900945CE8 /* Main.storyboard */ = {
			isa = PBXVariantGroup;
			children = (
				E45746422A7CA02900945CE8 /* Base */,
			);
			name = Main.storyboard;
			sourceTree = "<group>";
		};
		E45746492A7CA02A00945CE8 /* LaunchScreen.storyboard */ = {
			isa = PBXVariantGroup;
			children = (
				E457464A2A7CA02A00945CE8 /* Base */,
			);
			name = LaunchScreen.storyboard;
			sourceTree = "<group>";
		};
/* End PBXVariantGroup section */

/* Begin XCBuildConfiguration section */
		E457464D2A7CA02A00945CE8 /* Debug */ = {
			isa = XCBuildConfiguration;
			buildSettings = {
				ALWAYS_SEARCH_USER_PATHS = NO;
				CLANG_ANALYZER_NONNULL = YES;
				CLANG_ANALYZER_NUMBER_OBJECT_CONVERSION = YES_AGGRESSIVE;
				CLANG_CXX_LANGUAGE_STANDARD = "gnu++20";
				CLANG_ENABLE_MODULES = YES;
				CLANG_ENABLE_OBJC_ARC = YES;
				CLANG_ENABLE_OBJC_WEAK = YES;
				CLANG_WARN_BLOCK_CAPTURE_AUTORELEASING = YES;
				CLANG_WARN_BOOL_CONVERSION = YES;
				CLANG_WARN_COMMA = YES;
				CLANG_WARN_CONSTANT_CONVERSION = YES;
				CLANG_WARN_DEPRECATED_OBJC_IMPLEMENTATIONS = YES;
				CLANG_WARN_DIRECT_OBJC_ISA_USAGE = YES_ERROR;
				CLANG_WARN_DOCUMENTATION_COMMENTS = YES;
				CLANG_WARN_EMPTY_BODY = YES;
				CLANG_WARN_ENUM_CONVERSION = YES;
				CLANG_WARN_INFINITE_RECURSION = YES;
				CLANG_WARN_INT_CONVERSION = YES;
				CLANG_WARN_NON_LITERAL_NULL_CONVERSION = YES;
				CLANG_WARN_OBJC_IMPLICIT_RETAIN_SELF = YES;
				CLANG_WARN_OBJC_LITERAL_CONVERSION = YES;
				CLANG_WARN_OBJC_ROOT_CLASS = YES_ERROR;
				CLANG_WARN_QUOTED_INCLUDE_IN_FRAMEWORK_HEADER = YES;
				CLANG_WARN_RANGE_LOOP_ANALYSIS = YES;
				CLANG_WARN_STRICT_PROTOTYPES = YES;
				CLANG_WARN_SUSPICIOUS_MOVE = YES;
				CLANG_WARN_UNGUARDED_AVAILABILITY = YES_AGGRESSIVE;
				CLANG_WARN_UNREACHABLE_CODE = YES;
				CLANG_WARN__DUPLICATE_METHOD_MATCH = YES;
				COPY_PHASE_STRIP = NO;
				DEBUG_INFORMATION_FORMAT = dwarf;
				ENABLE_STRICT_OBJC_MSGSEND = YES;
				ENABLE_TESTABILITY = YES;
				GCC_C_LANGUAGE_STANDARD = gnu11;
				GCC_DYNAMIC_NO_PIC = NO;
				GCC_NO_COMMON_BLOCKS = YES;
				GCC_OPTIMIZATION_LEVEL = 0;
				GCC_PREPROCESSOR_DEFINITIONS = (
					"DEBUG=1",
					"$(inherited)",
				);
				GCC_WARN_64_TO_32_BIT_CONVERSION = YES;
				GCC_WARN_ABOUT_RETURN_TYPE = YES_ERROR;
				GCC_WARN_UNDECLARED_SELECTOR = YES;
				GCC_WARN_UNINITIALIZED_AUTOS = YES_AGGRESSIVE;
				GCC_WARN_UNUSED_FUNCTION = YES;
				GCC_WARN_UNUSED_VARIABLE = YES;
				IPHONEOS_DEPLOYMENT_TARGET = 16.4;
				MTL_ENABLE_DEBUG_INFO = INCLUDE_SOURCE;
				MTL_FAST_MATH = YES;
				ONLY_ACTIVE_ARCH = YES;
				SDKROOT = iphoneos;
				SWIFT_ACTIVE_COMPILATION_CONDITIONS = DEBUG;
				SWIFT_OPTIMIZATION_LEVEL = "-Onone";
			};
			name = Debug;
		};
		E457464E2A7CA02A00945CE8 /* Release */ = {
			isa = XCBuildConfiguration;
			buildSettings = {
				ALWAYS_SEARCH_USER_PATHS = NO;
				CLANG_ANALYZER_NONNULL = YES;
				CLANG_ANALYZER_NUMBER_OBJECT_CONVERSION = YES_AGGRESSIVE;
				CLANG_CXX_LANGUAGE_STANDARD = "gnu++20";
				CLANG_ENABLE_MODULES = YES;
				CLANG_ENABLE_OBJC_ARC = YES;
				CLANG_ENABLE_OBJC_WEAK = YES;
				CLANG_WARN_BLOCK_CAPTURE_AUTORELEASING = YES;
				CLANG_WARN_BOOL_CONVERSION = YES;
				CLANG_WARN_COMMA = YES;
				CLANG_WARN_CONSTANT_CONVERSION = YES;
				CLANG_WARN_DEPRECATED_OBJC_IMPLEMENTATIONS = YES;
				CLANG_WARN_DIRECT_OBJC_ISA_USAGE = YES_ERROR;
				CLANG_WARN_DOCUMENTATION_COMMENTS = YES;
				CLANG_WARN_EMPTY_BODY = YES;
				CLANG_WARN_ENUM_CONVERSION = YES;
				CLANG_WARN_INFINITE_RECURSION = YES;
				CLANG_WARN_INT_CONVERSION = YES;
				CLANG_WARN_NON_LITERAL_NULL_CONVERSION = YES;
				CLANG_WARN_OBJC_IMPLICIT_RETAIN_SELF = YES;
				CLANG_WARN_OBJC_LITERAL_CONVERSION = YES;
				CLANG_WARN_OBJC_ROOT_CLASS = YES_ERROR;
				CLANG_WARN_QUOTED_INCLUDE_IN_FRAMEWORK_HEADER = YES;
				CLANG_WARN_RANGE_LOOP_ANALYSIS = YES;
				CLANG_WARN_STRICT_PROTOTYPES = YES;
				CLANG_WARN_SUSPICIOUS_MOVE = YES;
				CLANG_WARN_UNGUARDED_AVAILABILITY = YES_AGGRESSIVE;
				CLANG_WARN_UNREACHABLE_CODE = YES;
				CLANG_WARN__DUPLICATE_METHOD_MATCH = YES;
				COPY_PHASE_STRIP = NO;
				DEBUG_INFORMATION_FORMAT = "dwarf-with-dsym";
				ENABLE_NS_ASSERTIONS = NO;
				ENABLE_STRICT_OBJC_MSGSEND = YES;
				GCC_C_LANGUAGE_STANDARD = gnu11;
				GCC_NO_COMMON_BLOCKS = YES;
				GCC_WARN_64_TO_32_BIT_CONVERSION = YES;
				GCC_WARN_ABOUT_RETURN_TYPE = YES_ERROR;
				GCC_WARN_UNDECLARED_SELECTOR = YES;
				GCC_WARN_UNINITIALIZED_AUTOS = YES_AGGRESSIVE;
				GCC_WARN_UNUSED_FUNCTION = YES;
				GCC_WARN_UNUSED_VARIABLE = YES;
				IPHONEOS_DEPLOYMENT_TARGET = 16.4;
				MTL_ENABLE_DEBUG_INFO = NO;
				MTL_FAST_MATH = YES;
				SDKROOT = iphoneos;
				SWIFT_COMPILATION_MODE = wholemodule;
				SWIFT_OPTIMIZATION_LEVEL = "-O";
				VALIDATE_PRODUCT = YES;
			};
			name = Release;
		};
		E45746502A7CA02A00945CE8 /* Debug */ = {
			isa = XCBuildConfiguration;
			buildSettings = {
				ASSETCATALOG_COMPILER_APPICON_NAME = AppIcon;
				ASSETCATALOG_COMPILER_GLOBAL_ACCENT_COLOR_NAME = AccentColor;
				CODE_SIGN_STYLE = Automatic;
				CURRENT_PROJECT_VERSION = 1;
				GENERATE_INFOPLIST_FILE = YES;
				INFOPLIST_FILE = MovieDB/Info.plist;
				INFOPLIST_KEY_UIApplicationSupportsIndirectInputEvents = YES;
				INFOPLIST_KEY_UILaunchStoryboardName = LaunchScreen;
				INFOPLIST_KEY_UIMainStoryboardFile = Main;
				INFOPLIST_KEY_UISupportedInterfaceOrientations_iPad = "UIInterfaceOrientationPortrait UIInterfaceOrientationPortraitUpsideDown UIInterfaceOrientationLandscapeLeft UIInterfaceOrientationLandscapeRight";
				INFOPLIST_KEY_UISupportedInterfaceOrientations_iPhone = "UIInterfaceOrientationPortrait UIInterfaceOrientationLandscapeLeft UIInterfaceOrientationLandscapeRight";
				LD_RUNPATH_SEARCH_PATHS = (
					"$(inherited)",
					"@executable_path/Frameworks",
				);
				MARKETING_VERSION = 1.0;
				PRODUCT_BUNDLE_IDENTIFIER = TomasThai.MovieDB;
				PRODUCT_NAME = "$(TARGET_NAME)";
				SWIFT_EMIT_LOC_STRINGS = YES;
				SWIFT_VERSION = 5.0;
				TARGETED_DEVICE_FAMILY = "1,2";
			};
			name = Debug;
		};
		E45746512A7CA02A00945CE8 /* Release */ = {
			isa = XCBuildConfiguration;
			buildSettings = {
				ASSETCATALOG_COMPILER_APPICON_NAME = AppIcon;
				ASSETCATALOG_COMPILER_GLOBAL_ACCENT_COLOR_NAME = AccentColor;
				CODE_SIGN_STYLE = Automatic;
				CURRENT_PROJECT_VERSION = 1;
				GENERATE_INFOPLIST_FILE = YES;
				INFOPLIST_FILE = MovieDB/Info.plist;
				INFOPLIST_KEY_UIApplicationSupportsIndirectInputEvents = YES;
				INFOPLIST_KEY_UILaunchStoryboardName = LaunchScreen;
				INFOPLIST_KEY_UIMainStoryboardFile = Main;
				INFOPLIST_KEY_UISupportedInterfaceOrientations_iPad = "UIInterfaceOrientationPortrait UIInterfaceOrientationPortraitUpsideDown UIInterfaceOrientationLandscapeLeft UIInterfaceOrientationLandscapeRight";
				INFOPLIST_KEY_UISupportedInterfaceOrientations_iPhone = "UIInterfaceOrientationPortrait UIInterfaceOrientationLandscapeLeft UIInterfaceOrientationLandscapeRight";
				LD_RUNPATH_SEARCH_PATHS = (
					"$(inherited)",
					"@executable_path/Frameworks",
				);
				MARKETING_VERSION = 1.0;
				PRODUCT_BUNDLE_IDENTIFIER = TomasThai.MovieDB;
				PRODUCT_NAME = "$(TARGET_NAME)";
				SWIFT_EMIT_LOC_STRINGS = YES;
				SWIFT_VERSION = 5.0;
				TARGETED_DEVICE_FAMILY = "1,2";
			};
			name = Release;
		};
/* End XCBuildConfiguration section */

/* Begin XCConfigurationList section */
		E45746332A7CA02900945CE8 /* Build configuration list for PBXProject "MovieDB" */ = {
			isa = XCConfigurationList;
			buildConfigurations = (
				E457464D2A7CA02A00945CE8 /* Debug */,
				E457464E2A7CA02A00945CE8 /* Release */,
			);
			defaultConfigurationIsVisible = 0;
			defaultConfigurationName = Release;
		};
		E457464F2A7CA02A00945CE8 /* Build configuration list for PBXNativeTarget "MovieDB" */ = {
			isa = XCConfigurationList;
			buildConfigurations = (
				E45746502A7CA02A00945CE8 /* Debug */,
				E45746512A7CA02A00945CE8 /* Release */,
			);
			defaultConfigurationIsVisible = 0;
			defaultConfigurationName = Release;
		};
/* End XCConfigurationList section */

/* Begin XCRemoteSwiftPackageReference section */
		E4DC512C2A81ED970074BA89 /* XCRemoteSwiftPackageReference "SwiftLint" */ = {
			isa = XCRemoteSwiftPackageReference;
			repositoryURL = "https://github.com/realm/SwiftLint";
			requirement = {
				kind = upToNextMajorVersion;
				minimumVersion = 0.52.4;
			};
		};
/* End XCRemoteSwiftPackageReference section */

/* Begin XCSwiftPackageProductDependency section */
		E4DC512D2A81EDBF0074BA89 /* SwiftLintPlugin */ = {
			isa = XCSwiftPackageProductDependency;
			package = E4DC512C2A81ED970074BA89 /* XCRemoteSwiftPackageReference "SwiftLint" */;
			productName = "plugin:SwiftLintPlugin";
		};
/* End XCSwiftPackageProductDependency section */

/* Begin XCVersionGroup section */
		E45746442A7CA02900945CE8 /* MovieDB.xcdatamodeld */ = {
			isa = XCVersionGroup;
			children = (
				E45746452A7CA02900945CE8 /* MovieDB.xcdatamodel */,
			);
			currentVersion = E45746452A7CA02900945CE8 /* MovieDB.xcdatamodel */;
			path = MovieDB.xcdatamodeld;
			sourceTree = "<group>";
			versionGroupType = wrapper.xcdatamodel;
		};
/* End XCVersionGroup section */
	};
	rootObject = E45746302A7CA02900945CE8 /* Project object */;
}
